// !$*UTF8*$!
{
	archiveVersion = 1;
	classes = {
	};
	objectVersion = 56;
	objects = {

/* Begin PBXBuildFile section */
		F52999862C3350DA00DC5930 /* ProfileView.swift in Sources */ = {isa = PBXBuildFile; fileRef = F52999852C3350DA00DC5930 /* ProfileView.swift */; };
		F52999882C3357C600DC5930 /* SupportView.swift in Sources */ = {isa = PBXBuildFile; fileRef = F52999872C3357C600DC5930 /* SupportView.swift */; };
		F529998A2C3358A500DC5930 /* FAQView.swift in Sources */ = {isa = PBXBuildFile; fileRef = F52999892C3358A500DC5930 /* FAQView.swift */; };
		F529998C2C33594900DC5930 /* ChangePasswordView.swift in Sources */ = {isa = PBXBuildFile; fileRef = F529998B2C33594900DC5930 /* ChangePasswordView.swift */; };
		F529998E2C335A1300DC5930 /* UpdateEmailView.swift in Sources */ = {isa = PBXBuildFile; fileRef = F529998D2C335A1300DC5930 /* UpdateEmailView.swift */; };
		F52999902C335A8200DC5930 /* ContactSupportView.swift in Sources */ = {isa = PBXBuildFile; fileRef = F529998F2C335A8200DC5930 /* ContactSupportView.swift */; };
		F5478CB02C46A3C1006677D4 /* ColorModeOfApp.swift in Sources */ = {isa = PBXBuildFile; fileRef = F5478CAF2C46A3C1006677D4 /* ColorModeOfApp.swift */; };
		F5478CB52C46BDB7006677D4 /* 1.PNG in Resources */ = {isa = PBXBuildFile; fileRef = F5478CB22C46BDB6006677D4 /* 1.PNG */; };
		F5478CB62C46BDB7006677D4 /* 3.PNG in Resources */ = {isa = PBXBuildFile; fileRef = F5478CB32C46BDB6006677D4 /* 3.PNG */; };
		F5478CB72C46BDB7006677D4 /* 2.PNG in Resources */ = {isa = PBXBuildFile; fileRef = F5478CB42C46BDB7006677D4 /* 2.PNG */; };
		F5478CB92C46BDFD006677D4 /* 4.jpeg in Resources */ = {isa = PBXBuildFile; fileRef = F5478CB82C46BDFD006677D4 /* 4.jpeg */; };
		F5D6099D2C2EDCAE000520C5 /* recipes.json in Resources */ = {isa = PBXBuildFile; fileRef = F5D6099C2C2EDCAE000520C5 /* recipes.json */; };
		F5D6099F2C2EDD05000520C5 /* ModelOfRecipe.swift in Sources */ = {isa = PBXBuildFile; fileRef = F5D6099E2C2EDD05000520C5 /* ModelOfRecipe.swift */; };
		F5D609A12C2EDD29000520C5 /* ViewModelOfRecipe.swift in Sources */ = {isa = PBXBuildFile; fileRef = F5D609A02C2EDD29000520C5 /* ViewModelOfRecipe.swift */; };
		F5D609A32C2EDD61000520C5 /* RecipesListView.swift in Sources */ = {isa = PBXBuildFile; fileRef = F5D609A22C2EDD61000520C5 /* RecipesListView.swift */; };
		F5D609A52C2EE081000520C5 /* FavoritesView.swift in Sources */ = {isa = PBXBuildFile; fileRef = F5D609A42C2EE081000520C5 /* FavoritesView.swift */; };
		F5D609A92C2EE472000520C5 /* RecipeDetailView.swift in Sources */ = {isa = PBXBuildFile; fileRef = F5D609A82C2EE472000520C5 /* RecipeDetailView.swift */; };
		F5D609AB2C2EE93F000520C5 /* FavoritesManager.swift in Sources */ = {isa = PBXBuildFile; fileRef = F5D609AA2C2EE93F000520C5 /* FavoritesManager.swift */; };
		F5F1F1E62C2DA92500A8060E /* Yummy_BookApp.swift in Sources */ = {isa = PBXBuildFile; fileRef = F5F1F1E52C2DA92500A8060E /* Yummy_BookApp.swift */; };
		F5F1F1E82C2DA92500A8060E /* ContentView.swift in Sources */ = {isa = PBXBuildFile; fileRef = F5F1F1E72C2DA92500A8060E /* ContentView.swift */; };
		F5F1F1EA2C2DA92700A8060E /* Assets.xcassets in Resources */ = {isa = PBXBuildFile; fileRef = F5F1F1E92C2DA92700A8060E /* Assets.xcassets */; };
		F5F1F1ED2C2DA92700A8060E /* Preview Assets.xcassets in Resources */ = {isa = PBXBuildFile; fileRef = F5F1F1EC2C2DA92700A8060E /* Preview Assets.xcassets */; };
/* End PBXBuildFile section */

/* Begin PBXFileReference section */
		F52999852C3350DA00DC5930 /* ProfileView.swift */ = {isa = PBXFileReference; lastKnownFileType = sourcecode.swift; path = ProfileView.swift; sourceTree = "<group>"; };
		F52999872C3357C600DC5930 /* SupportView.swift */ = {isa = PBXFileReference; lastKnownFileType = sourcecode.swift; path = SupportView.swift; sourceTree = "<group>"; };
		F52999892C3358A500DC5930 /* FAQView.swift */ = {isa = PBXFileReference; lastKnownFileType = sourcecode.swift; path = FAQView.swift; sourceTree = "<group>"; };
		F529998B2C33594900DC5930 /* ChangePasswordView.swift */ = {isa = PBXFileReference; lastKnownFileType = sourcecode.swift; path = ChangePasswordView.swift; sourceTree = "<group>"; };
		F529998D2C335A1300DC5930 /* UpdateEmailView.swift */ = {isa = PBXFileReference; lastKnownFileType = sourcecode.swift; path = UpdateEmailView.swift; sourceTree = "<group>"; };
		F529998F2C335A8200DC5930 /* ContactSupportView.swift */ = {isa = PBXFileReference; lastKnownFileType = sourcecode.swift; path = ContactSupportView.swift; sourceTree = "<group>"; };
		F5478CAF2C46A3C1006677D4 /* ColorModeOfApp.swift */ = {isa = PBXFileReference; lastKnownFileType = sourcecode.swift; path = ColorModeOfApp.swift; sourceTree = "<group>"; };
		F5478CB22C46BDB6006677D4 /* 1.PNG */ = {isa = PBXFileReference; lastKnownFileType = image.png; path = 1.PNG; sourceTree = "<group>"; };
		F5478CB32C46BDB6006677D4 /* 3.PNG */ = {isa = PBXFileReference; lastKnownFileType = image.png; path = 3.PNG; sourceTree = "<group>"; };
		F5478CB42C46BDB7006677D4 /* 2.PNG */ = {isa = PBXFileReference; lastKnownFileType = image.png; path = 2.PNG; sourceTree = "<group>"; };
		F5478CB82C46BDFD006677D4 /* 4.jpeg */ = {isa = PBXFileReference; lastKnownFileType = image.jpeg; path = 4.jpeg; sourceTree = "<group>"; };
		F5D6099C2C2EDCAE000520C5 /* recipes.json */ = {isa = PBXFileReference; fileEncoding = 4; lastKnownFileType = text.json; path = recipes.json; sourceTree = "<group>"; };
		F5D6099E2C2EDD05000520C5 /* ModelOfRecipe.swift */ = {isa = PBXFileReference; lastKnownFileType = sourcecode.swift; path = ModelOfRecipe.swift; sourceTree = "<group>"; };
		F5D609A02C2EDD29000520C5 /* ViewModelOfRecipe.swift */ = {isa = PBXFileReference; lastKnownFileType = sourcecode.swift; path = ViewModelOfRecipe.swift; sourceTree = "<group>"; };
		F5D609A22C2EDD61000520C5 /* RecipesListView.swift */ = {isa = PBXFileReference; lastKnownFileType = sourcecode.swift; path = RecipesListView.swift; sourceTree = "<group>"; };
		F5D609A42C2EE081000520C5 /* FavoritesView.swift */ = {isa = PBXFileReference; lastKnownFileType = sourcecode.swift; path = FavoritesView.swift; sourceTree = "<group>"; };
		F5D609A82C2EE472000520C5 /* RecipeDetailView.swift */ = {isa = PBXFileReference; lastKnownFileType = sourcecode.swift; path = RecipeDetailView.swift; sourceTree = "<group>"; };
		F5D609AA2C2EE93F000520C5 /* FavoritesManager.swift */ = {isa = PBXFileReference; lastKnownFileType = sourcecode.swift; path = FavoritesManager.swift; sourceTree = "<group>"; };
		F5F1F1E22C2DA92500A8060E /* Yummy Book.app */ = {isa = PBXFileReference; explicitFileType = wrapper.application; includeInIndex = 0; path = "Yummy Book.app"; sourceTree = BUILT_PRODUCTS_DIR; };
		F5F1F1E52C2DA92500A8060E /* Yummy_BookApp.swift */ = {isa = PBXFileReference; lastKnownFileType = sourcecode.swift; path = Yummy_BookApp.swift; sourceTree = "<group>"; };
		F5F1F1E72C2DA92500A8060E /* ContentView.swift */ = {isa = PBXFileReference; lastKnownFileType = sourcecode.swift; path = ContentView.swift; sourceTree = "<group>"; };
		F5F1F1E92C2DA92700A8060E /* Assets.xcassets */ = {isa = PBXFileReference; lastKnownFileType = folder.assetcatalog; path = Assets.xcassets; sourceTree = "<group>"; };
		F5F1F1EC2C2DA92700A8060E /* Preview Assets.xcassets */ = {isa = PBXFileReference; lastKnownFileType = folder.assetcatalog; path = "Preview Assets.xcassets"; sourceTree = "<group>"; };
/* End PBXFileReference section */

/* Begin PBXFrameworksBuildPhase section */
		F5F1F1DF2C2DA92500A8060E /* Frameworks */ = {
			isa = PBXFrameworksBuildPhase;
			buildActionMask = 2147483647;
			files = (
			);
			runOnlyForDeploymentPostprocessing = 0;
		};
/* End PBXFrameworksBuildPhase section */

/* Begin PBXGroup section */
		F5478CB12C46BD51006677D4 /* ScreenShots */ = {
			isa = PBXGroup;
			children = (
				F5478CB22C46BDB6006677D4 /* 1.PNG */,
				F5478CB42C46BDB7006677D4 /* 2.PNG */,
				F5478CB32C46BDB6006677D4 /* 3.PNG */,
				F5478CB82C46BDFD006677D4 /* 4.jpeg */,
			);
			path = ScreenShots;
			sourceTree = "<group>";
		};
		F5D609982C2DAA23000520C5 /* ViewModels */ = {
			isa = PBXGroup;
			children = (
				F5D609A02C2EDD29000520C5 /* ViewModelOfRecipe.swift */,
				F5D609AA2C2EE93F000520C5 /* FavoritesManager.swift */,
				F5478CAF2C46A3C1006677D4 /* ColorModeOfApp.swift */,
			);
			path = ViewModels;
			sourceTree = "<group>";
		};
		F5D609992C2DAA2F000520C5 /* Views */ = {
			isa = PBXGroup;
			children = (
				F5D609A72C2EE44D000520C5 /* AdditionalViews */,
				F5D609A62C2EE431000520C5 /* TabViews */,
				F5F1F1E52C2DA92500A8060E /* Yummy_BookApp.swift */,
			);
			path = Views;
			sourceTree = "<group>";
		};
		F5D6099A2C2DAA36000520C5 /* Resources */ = {
			isa = PBXGroup;
			children = (
				F5D6099C2C2EDCAE000520C5 /* recipes.json */,
			);
			path = Resources;
			sourceTree = "<group>";
		};
		F5D6099B2C2DAA61000520C5 /* Utilities */ = {
			isa = PBXGroup;
			children = (
			);
			path = Utilities;
			sourceTree = "<group>";
		};
		F5D609A62C2EE431000520C5 /* TabViews */ = {
			isa = PBXGroup;
			children = (
				F5D609A42C2EE081000520C5 /* FavoritesView.swift */,
				F5D609A22C2EDD61000520C5 /* RecipesListView.swift */,
				F5F1F1E72C2DA92500A8060E /* ContentView.swift */,
				F52999852C3350DA00DC5930 /* ProfileView.swift */,
			);
			path = TabViews;
			sourceTree = "<group>";
		};
		F5D609A72C2EE44D000520C5 /* AdditionalViews */ = {
			isa = PBXGroup;
			children = (
				F5D609A82C2EE472000520C5 /* RecipeDetailView.swift */,
				F52999872C3357C600DC5930 /* SupportView.swift */,
				F52999892C3358A500DC5930 /* FAQView.swift */,
				F529998B2C33594900DC5930 /* ChangePasswordView.swift */,
				F529998D2C335A1300DC5930 /* UpdateEmailView.swift */,
				F529998F2C335A8200DC5930 /* ContactSupportView.swift */,
			);
			path = AdditionalViews;
			sourceTree = "<group>";
		};
		F5F1F1D92C2DA92500A8060E = {
			isa = PBXGroup;
			children = (
				F5F1F1E42C2DA92500A8060E /* Yummy Book */,
				F5F1F1E32C2DA92500A8060E /* Products */,
			);
			sourceTree = "<group>";
		};
		F5F1F1E32C2DA92500A8060E /* Products */ = {
			isa = PBXGroup;
			children = (
				F5F1F1E22C2DA92500A8060E /* Yummy Book.app */,
			);
			name = Products;
			sourceTree = "<group>";
		};
		F5F1F1E42C2DA92500A8060E /* Yummy Book */ = {
			isa = PBXGroup;
			children = (
				F5478CB12C46BD51006677D4 /* ScreenShots */,
				F5D6099B2C2DAA61000520C5 /* Utilities */,
				F5D6099A2C2DAA36000520C5 /* Resources */,
				F5D609992C2DAA2F000520C5 /* Views */,
				F5D609982C2DAA23000520C5 /* ViewModels */,
				F5F1F1F32C2DAA0700A8060E /* Models */,
				F5F1F1E92C2DA92700A8060E /* Assets.xcassets */,
				F5F1F1EB2C2DA92700A8060E /* Preview Content */,
			);
			path = "Yummy Book";
			sourceTree = "<group>";
		};
		F5F1F1EB2C2DA92700A8060E /* Preview Content */ = {
			isa = PBXGroup;
			children = (
				F5F1F1EC2C2DA92700A8060E /* Preview Assets.xcassets */,
			);
			path = "Preview Content";
			sourceTree = "<group>";
		};
		F5F1F1F32C2DAA0700A8060E /* Models */ = {
			isa = PBXGroup;
			children = (
				F5D6099E2C2EDD05000520C5 /* ModelOfRecipe.swift */,
			);
			path = Models;
			sourceTree = "<group>";
		};
/* End PBXGroup section */

/* Begin PBXNativeTarget section */
		F5F1F1E12C2DA92500A8060E /* Yummy Book */ = {
			isa = PBXNativeTarget;
			buildConfigurationList = F5F1F1F02C2DA92700A8060E /* Build configuration list for PBXNativeTarget "Yummy Book" */;
			buildPhases = (
				F5F1F1DE2C2DA92500A8060E /* Sources */,
				F5F1F1DF2C2DA92500A8060E /* Frameworks */,
				F5F1F1E02C2DA92500A8060E /* Resources */,
			);
			buildRules = (
			);
			dependencies = (
			);
			name = "Yummy Book";
			productName = "Yummy Book";
			productReference = F5F1F1E22C2DA92500A8060E /* Yummy Book.app */;
			productType = "com.apple.product-type.application";
		};
/* End PBXNativeTarget section */

/* Begin PBXProject section */
		F5F1F1DA2C2DA92500A8060E /* Project object */ = {
			isa = PBXProject;
			attributes = {
				BuildIndependentTargetsInParallel = 1;
				LastSwiftUpdateCheck = 1540;
				LastUpgradeCheck = 1540;
				TargetAttributes = {
					F5F1F1E12C2DA92500A8060E = {
						CreatedOnToolsVersion = 15.4;
					};
				};
			};
			buildConfigurationList = F5F1F1DD2C2DA92500A8060E /* Build configuration list for PBXProject "Yummy Book" */;
			compatibilityVersion = "Xcode 14.0";
			developmentRegion = en;
			hasScannedForEncodings = 0;
			knownRegions = (
				en,
				Base,
			);
			mainGroup = F5F1F1D92C2DA92500A8060E;
			productRefGroup = F5F1F1E32C2DA92500A8060E /* Products */;
			projectDirPath = "";
			projectRoot = "";
			targets = (
				F5F1F1E12C2DA92500A8060E /* Yummy Book */,
			);
		};
/* End PBXProject section */

/* Begin PBXResourcesBuildPhase section */
		F5F1F1E02C2DA92500A8060E /* Resources */ = {
			isa = PBXResourcesBuildPhase;
			buildActionMask = 2147483647;
			files = (
				F5478CB72C46BDB7006677D4 /* 2.PNG in Resources */,
				F5F1F1ED2C2DA92700A8060E /* Preview Assets.xcassets in Resources */,
				F5478CB52C46BDB7006677D4 /* 1.PNG in Resources */,
				F5D6099D2C2EDCAE000520C5 /* recipes.json in Resources */,
				F5478CB92C46BDFD006677D4 /* 4.jpeg in Resources */,
				F5478CB62C46BDB7006677D4 /* 3.PNG in Resources */,
				F5F1F1EA2C2DA92700A8060E /* Assets.xcassets in Resources */,
			);
			runOnlyForDeploymentPostprocessing = 0;
		};
/* End PBXResourcesBuildPhase section */

/* Begin PBXSourcesBuildPhase section */
		F5F1F1DE2C2DA92500A8060E /* Sources */ = {
			isa = PBXSourcesBuildPhase;
			buildActionMask = 2147483647;
			files = (
				F5478CB02C46A3C1006677D4 /* ColorModeOfApp.swift in Sources */,
				F52999882C3357C600DC5930 /* SupportView.swift in Sources */,
				F5D609A92C2EE472000520C5 /* RecipeDetailView.swift in Sources */,
				F52999862C3350DA00DC5930 /* ProfileView.swift in Sources */,
				F5F1F1E82C2DA92500A8060E /* ContentView.swift in Sources */,
				F5F1F1E62C2DA92500A8060E /* Yummy_BookApp.swift in Sources */,
				F5D609A52C2EE081000520C5 /* FavoritesView.swift in Sources */,
				F5D609A32C2EDD61000520C5 /* RecipesListView.swift in Sources */,
				F529998E2C335A1300DC5930 /* UpdateEmailView.swift in Sources */,
				F529998C2C33594900DC5930 /* ChangePasswordView.swift in Sources */,
				F52999902C335A8200DC5930 /* ContactSupportView.swift in Sources */,
				F5D6099F2C2EDD05000520C5 /* ModelOfRecipe.swift in Sources */,
				F5D609A12C2EDD29000520C5 /* ViewModelOfRecipe.swift in Sources */,
				F5D609AB2C2EE93F000520C5 /* FavoritesManager.swift in Sources */,
				F529998A2C3358A500DC5930 /* FAQView.swift in Sources */,
			);
			runOnlyForDeploymentPostprocessing = 0;
		};
/* End PBXSourcesBuildPhase section */

/* Begin XCBuildConfiguration section */
		F5F1F1EE2C2DA92700A8060E /* Debug */ = {
			isa = XCBuildConfiguration;
			buildSettings = {
				ALWAYS_SEARCH_USER_PATHS = NO;
				ASSETCATALOG_COMPILER_GENERATE_SWIFT_ASSET_SYMBOL_EXTENSIONS = YES;
				CLANG_ANALYZER_NONNULL = YES;
				CLANG_ANALYZER_NUMBER_OBJECT_CONVERSION = YES_AGGRESSIVE;
				CLANG_CXX_LANGUAGE_STANDARD = "gnu++20";
				CLANG_ENABLE_MODULES = YES;
				CLANG_ENABLE_OBJC_ARC = YES;
				CLANG_ENABLE_OBJC_WEAK = YES;
				CLANG_WARN_BLOCK_CAPTURE_AUTORELEASING = YES;
				CLANG_WARN_BOOL_CONVERSION = YES;
				CLANG_WARN_COMMA = YES;
				CLANG_WARN_CONSTANT_CONVERSION = YES;
				CLANG_WARN_DEPRECATED_OBJC_IMPLEMENTATIONS = YES;
				CLANG_WARN_DIRECT_OBJC_ISA_USAGE = YES_ERROR;
				CLANG_WARN_DOCUMENTATION_COMMENTS = YES;
				CLANG_WARN_EMPTY_BODY = YES;
				CLANG_WARN_ENUM_CONVERSION = YES;
				CLANG_WARN_INFINITE_RECURSION = YES;
				CLANG_WARN_INT_CONVERSION = YES;
				CLANG_WARN_NON_LITERAL_NULL_CONVERSION = YES;
				CLANG_WARN_OBJC_IMPLICIT_RETAIN_SELF = YES;
				CLANG_WARN_OBJC_LITERAL_CONVERSION = YES;
				CLANG_WARN_OBJC_ROOT_CLASS = YES_ERROR;
				CLANG_WARN_QUOTED_INCLUDE_IN_FRAMEWORK_HEADER = YES;
				CLANG_WARN_RANGE_LOOP_ANALYSIS = YES;
				CLANG_WARN_STRICT_PROTOTYPES = YES;
				CLANG_WARN_SUSPICIOUS_MOVE = YES;
				CLANG_WARN_UNGUARDED_AVAILABILITY = YES_AGGRESSIVE;
				CLANG_WARN_UNREACHABLE_CODE = YES;
				CLANG_WARN__DUPLICATE_METHOD_MATCH = YES;
				COPY_PHASE_STRIP = NO;
				DEBUG_INFORMATION_FORMAT = dwarf;
				ENABLE_STRICT_OBJC_MSGSEND = YES;
				ENABLE_TESTABILITY = YES;
				ENABLE_USER_SCRIPT_SANDBOXING = YES;
				GCC_C_LANGUAGE_STANDARD = gnu17;
				GCC_DYNAMIC_NO_PIC = NO;
				GCC_NO_COMMON_BLOCKS = YES;
				GCC_OPTIMIZATION_LEVEL = 0;
				GCC_PREPROCESSOR_DEFINITIONS = (
					"DEBUG=1",
					"$(inherited)",
				);
				GCC_WARN_64_TO_32_BIT_CONVERSION = YES;
				GCC_WARN_ABOUT_RETURN_TYPE = YES_ERROR;
				GCC_WARN_UNDECLARED_SELECTOR = YES;
				GCC_WARN_UNINITIALIZED_AUTOS = YES_AGGRESSIVE;
				GCC_WARN_UNUSED_FUNCTION = YES;
				GCC_WARN_UNUSED_VARIABLE = YES;
				IPHONEOS_DEPLOYMENT_TARGET = 17.5;
				LOCALIZATION_PREFERS_STRING_CATALOGS = YES;
				MTL_ENABLE_DEBUG_INFO = INCLUDE_SOURCE;
				MTL_FAST_MATH = YES;
				ONLY_ACTIVE_ARCH = YES;
				SDKROOT = iphoneos;
				SWIFT_ACTIVE_COMPILATION_CONDITIONS = "DEBUG $(inherited)";
				SWIFT_OPTIMIZATION_LEVEL = "-Onone";
			};
			name = Debug;
		};
		F5F1F1EF2C2DA92700A8060E /* Release */ = {
			isa = XCBuildConfiguration;
			buildSettings = {
				ALWAYS_SEARCH_USER_PATHS = NO;
				ASSETCATALOG_COMPILER_GENERATE_SWIFT_ASSET_SYMBOL_EXTENSIONS = YES;
				CLANG_ANALYZER_NONNULL = YES;
				CLANG_ANALYZER_NUMBER_OBJECT_CONVERSION = YES_AGGRESSIVE;
				CLANG_CXX_LANGUAGE_STANDARD = "gnu++20";
				CLANG_ENABLE_MODULES = YES;
				CLANG_ENABLE_OBJC_ARC = YES;
				CLANG_ENABLE_OBJC_WEAK = YES;
				CLANG_WARN_BLOCK_CAPTURE_AUTORELEASING = YES;
				CLANG_WARN_BOOL_CONVERSION = YES;
				CLANG_WARN_COMMA = YES;
				CLANG_WARN_CONSTANT_CONVERSION = YES;
				CLANG_WARN_DEPRECATED_OBJC_IMPLEMENTATIONS = YES;
				CLANG_WARN_DIRECT_OBJC_ISA_USAGE = YES_ERROR;
				CLANG_WARN_DOCUMENTATION_COMMENTS = YES;
				CLANG_WARN_EMPTY_BODY = YES;
				CLANG_WARN_ENUM_CONVERSION = YES;
				CLANG_WARN_INFINITE_RECURSION = YES;
				CLANG_WARN_INT_CONVERSION = YES;
				CLANG_WARN_NON_LITERAL_NULL_CONVERSION = YES;
				CLANG_WARN_OBJC_IMPLICIT_RETAIN_SELF = YES;
				CLANG_WARN_OBJC_LITERAL_CONVERSION = YES;
				CLANG_WARN_OBJC_ROOT_CLASS = YES_ERROR;
				CLANG_WARN_QUOTED_INCLUDE_IN_FRAMEWORK_HEADER = YES;
				CLANG_WARN_RANGE_LOOP_ANALYSIS = YES;
				CLANG_WARN_STRICT_PROTOTYPES = YES;
				CLANG_WARN_SUSPICIOUS_MOVE = YES;
				CLANG_WARN_UNGUARDED_AVAILABILITY = YES_AGGRESSIVE;
				CLANG_WARN_UNREACHABLE_CODE = YES;
				CLANG_WARN__DUPLICATE_METHOD_MATCH = YES;
				COPY_PHASE_STRIP = NO;
				DEBUG_INFORMATION_FORMAT = "dwarf-with-dsym";
				ENABLE_NS_ASSERTIONS = NO;
				ENABLE_STRICT_OBJC_MSGSEND = YES;
				ENABLE_USER_SCRIPT_SANDBOXING = YES;
				GCC_C_LANGUAGE_STANDARD = gnu17;
				GCC_NO_COMMON_BLOCKS = YES;
				GCC_WARN_64_TO_32_BIT_CONVERSION = YES;
				GCC_WARN_ABOUT_RETURN_TYPE = YES_ERROR;
				GCC_WARN_UNDECLARED_SELECTOR = YES;
				GCC_WARN_UNINITIALIZED_AUTOS = YES_AGGRESSIVE;
				GCC_WARN_UNUSED_FUNCTION = YES;
				GCC_WARN_UNUSED_VARIABLE = YES;
				IPHONEOS_DEPLOYMENT_TARGET = 17.5;
				LOCALIZATION_PREFERS_STRING_CATALOGS = YES;
				MTL_ENABLE_DEBUG_INFO = NO;
				MTL_FAST_MATH = YES;
				SDKROOT = iphoneos;
				SWIFT_COMPILATION_MODE = wholemodule;
				VALIDATE_PRODUCT = YES;
			};
			name = Release;
		};
		F5F1F1F12C2DA92700A8060E /* Debug */ = {
			isa = XCBuildConfiguration;
			buildSettings = {
				ASSETCATALOG_COMPILER_APPICON_NAME = AppIcon;
				ASSETCATALOG_COMPILER_GLOBAL_ACCENT_COLOR_NAME = AccentColor;
				CODE_SIGN_STYLE = Automatic;
				CURRENT_PROJECT_VERSION = 1;
				DEVELOPMENT_ASSET_PATHS = "\"Yummy Book/Preview Content\"";
				DEVELOPMENT_TEAM = YDM4QC6KDH;
				ENABLE_PREVIEWS = YES;
				GENERATE_INFOPLIST_FILE = YES;
				INFOPLIST_KEY_LSApplicationCategoryType = "public.app-category.food-and-drink";
				INFOPLIST_KEY_UIApplicationSceneManifest_Generation = YES;
				INFOPLIST_KEY_UIApplicationSupportsIndirectInputEvents = YES;
				INFOPLIST_KEY_UILaunchScreen_Generation = YES;
				INFOPLIST_KEY_UIRequiresFullScreen = YES;
				INFOPLIST_KEY_UIStatusBarHidden = YES;
				INFOPLIST_KEY_UISupportedInterfaceOrientations = UIInterfaceOrientationPortrait;
				LD_RUNPATH_SEARCH_PATHS = (
					"$(inherited)",
					"@executable_path/Frameworks",
				);
				MARKETING_VERSION = 1.0;
				PRODUCT_BUNDLE_IDENTIFIER = "com.maksymov.Yummy-Book";
				PRODUCT_NAME = "$(TARGET_NAME)";
				SWIFT_EMIT_LOC_STRINGS = YES;
				SWIFT_VERSION = 5.0;
				TARGETED_DEVICE_FAMILY = "1,2";
			};
			name = Debug;
		};
		F5F1F1F22C2DA92700A8060E /* Release */ = {
			isa = XCBuildConfiguration;
			buildSettings = {
				ASSETCATALOG_COMPILER_APPICON_NAME = AppIcon;
				ASSETCATALOG_COMPILER_GLOBAL_ACCENT_COLOR_NAME = AccentColor;
				CODE_SIGN_STYLE = Automatic;
				CURRENT_PROJECT_VERSION = 1;
				DEVELOPMENT_ASSET_PATHS = "\"Yummy Book/Preview Content\"";
				DEVELOPMENT_TEAM = YDM4QC6KDH;
				ENABLE_PREVIEWS = YES;
				GENERATE_INFOPLIST_FILE = YES;
				INFOPLIST_KEY_LSApplicationCategoryType = "public.app-category.food-and-drink";
				INFOPLIST_KEY_UIApplicationSceneManifest_Generation = YES;
				INFOPLIST_KEY_UIApplicationSupportsIndirectInputEvents = YES;
				INFOPLIST_KEY_UILaunchScreen_Generation = YES;
				INFOPLIST_KEY_UIRequiresFullScreen = YES;
				INFOPLIST_KEY_UIStatusBarHidden = YES;
				INFOPLIST_KEY_UISupportedInterfaceOrientations = UIInterfaceOrientationPortrait;
				LD_RUNPATH_SEARCH_PATHS = (
					"$(inherited)",
					"@executable_path/Frameworks",
				);
				MARKETING_VERSION = 1.0;
				PRODUCT_BUNDLE_IDENTIFIER = "com.maksymov.Yummy-Book";
				PRODUCT_NAME = "$(TARGET_NAME)";
				SWIFT_EMIT_LOC_STRINGS = YES;
				SWIFT_VERSION = 5.0;
				TARGETED_DEVICE_FAMILY = "1,2";
			};
			name = Release;
		};
/* End XCBuildConfiguration section */

/* Begin XCConfigurationList section */
		F5F1F1DD2C2DA92500A8060E /* Build configuration list for PBXProject "Yummy Book" */ = {
			isa = XCConfigurationList;
			buildConfigurations = (
				F5F1F1EE2C2DA92700A8060E /* Debug */,
				F5F1F1EF2C2DA92700A8060E /* Release */,
			);
			defaultConfigurationIsVisible = 0;
			defaultConfigurationName = Release;
		};
		F5F1F1F02C2DA92700A8060E /* Build configuration list for PBXNativeTarget "Yummy Book" */ = {
			isa = XCConfigurationList;
			buildConfigurations = (
				F5F1F1F12C2DA92700A8060E /* Debug */,
				F5F1F1F22C2DA92700A8060E /* Release */,
			);
			defaultConfigurationIsVisible = 0;
			defaultConfigurationName = Release;
		};
/* End XCConfigurationList section */
	};
	rootObject = F5F1F1DA2C2DA92500A8060E /* Project object */;
}
